
Microsoft Visual Studio Solution File, Format Version 12.00
# Visual Studio 15
VisualStudioVersion = 15.0.27004.2005
MinimumVisualStudioVersion = 10.0.40219.1
Project("{FAE04EC0-301F-11D3-BF4B-00C04F79EFBC}") = "RegistrationApplication", "RegistrationApplication\RegistrationApplication.csproj", "{C9FEEF87-0426-4CBA-8910-3DE15775752C}"
EndProject
Project("{FAE04EC0-301F-11D3-BF4B-00C04F79EFBC}") = "RegistrationApplicationEntity", "RegistrationApplicationEntity\RegistrationApplicationEntity.csproj", "{426B4165-6035-49E8-AF87-069B8D1F81B9}"
EndProject
Project("{FAE04EC0-301F-11D3-BF4B-00C04F79EFBC}") = "RegistrationApplicationRepos", "RegistrationApplicationRepos\RegistrationApplicationRepos.csproj", "{36A1A788-3C25-4C7C-9BCB-D5672B9CA51B}"
EndProject
Global
	GlobalSection(SolutionConfigurationPlatforms) = preSolution
		Debug|Any CPU = Debug|Any CPU
		Release|Any CPU = Release|Any CPU
	EndGlobalSection
	GlobalSection(ProjectConfigurationPlatforms) = postSolution
		{C9FEEF87-0426-4CBA-8910-3DE15775752C}.Debug|Any CPU.ActiveCfg = Debug|Any CPU
		{C9FEEF87-0426-4CBA-8910-3DE15775752C}.Debug|Any CPU.Build.0 = Debug|Any CPU
		{C9FEEF87-0426-4CBA-8910-3DE15775752C}.Release|Any CPU.ActiveCfg = Release|Any CPU
		{C9FEEF87-0426-4CBA-8910-3DE15775752C}.Release|Any CPU.Build.0 = Release|Any CPU
		{426B4165-6035-49E8-AF87-069B8D1F81B9}.Debug|Any CPU.ActiveCfg = Debug|Any CPU
		{426B4165-6035-49E8-AF87-069B8D1F81B9}.Debug|Any CPU.Build.0 = Debug|Any CPU
		{426B4165-6035-49E8-AF87-069B8D1F81B9}.Release|Any CPU.ActiveCfg = Release|Any CPU
		{426B4165-6035-49E8-AF87-069B8D1F81B9}.Release|Any CPU.Build.0 = Release|Any CPU
		{36A1A788-3C25-4C7C-9BCB-D5672B9CA51B}.Debug|Any CPU.ActiveCfg = Debug|Any CPU
		{36A1A788-3C25-4C7C-9BCB-D5672B9CA51B}.Debug|Any CPU.Build.0 = Debug|Any CPU
		{36A1A788-3C25-4C7C-9BCB-D5672B9CA51B}.Release|Any CPU.ActiveCfg = Release|Any CPU
		{36A1A788-3C25-4C7C-9BCB-D5672B9CA51B}.Release|Any CPU.Build.0 = Release|Any CPU
	EndGlobalSection
	GlobalSection(SolutionProperties) = preSolution
		HideSolutionNode = FALSE
	EndGlobalSection
	GlobalSection(ExtensibilityGlobals) = postSolution
		SolutionGuid = {95442BEC-2845-4A6B-A119-2D18B681E682}
	EndGlobalSection
EndGlobal
